# This file is generated by running "yarn install" inside your project.
# Manual changes might be lost - proceed with caution!

__metadata:
  version: 6
  cacheKey: 8

"@esbuild/aix-ppc64@npm:0.27.7":
  version: 0.27.7
  resolution: "@esbuild/aix-ppc64@npm:0.27.7"
  conditions: os=aix & cpu=ppc64
  languageName: node
  linkType: hard

"@esbuild/android-arm64@npm:0.27.7":
  version: 0.27.7
  resolution: "@esbuild/android-arm64@npm:0.27.7"
  conditions: os=android & cpu=arm64
  languageName: node
  linkType: hard

"@esbuild/android-arm@npm:0.27.7":
  version: 0.27.7
  resolution: "@esbuild/android-arm@npm:0.27.7"
  conditions: os=android & cpu=arm
  languageName: node
  linkType: hard

"@esbuild/android-x64@npm:0.27.7":
  version: 0.27.7
  resolution: "@esbuild/android-x64@npm:0.27.7"
  conditions: os=android & cpu=x64
  languageName: node
  linkType: hard

"@esbuild/darwin-arm64@npm:0.27.7":
  version: 0.27.7
  resolution: "@esbuild/darwin-arm64@npm:0.27.7"
  conditions: os=darwin & cpu=arm64
  languageName: node
  linkType: hard

"@esbuild/darwin-x64@npm:0.27.7":
  version: 0.27.7
  resolution: "@esbuild/darwin-x64@npm:0.27.7"
  conditions: os=darwin & cpu=x64
  languageName: node
  linkType: hard

"@esbuild/freebsd-arm64@npm:0.27.7":
  version: 0.27.7
  resolution: "@esbuild/freebsd-arm64@npm:0.27.7"
  conditions: os=freebsd & cpu=arm64
  languageName: node
  linkType: hard

"@esbuild/freebsd-x64@npm:0.27.7":
  version: 0.27.7
  resolution: "@esbuild/freebsd-x64@npm:0.27.7"
  conditions: os=freebsd & cpu=x64
  languageName: node
  linkType: hard

"@esbuild/linux-arm64@npm:0.27.7":
  version: 0.27.7
  resolution: "@esbuild/linux-arm64@npm:0.27.7"
  conditions: os=linux & cpu=arm64
  languageName: node
  linkType: hard

"@esbuild/linux-arm@npm:0.27.7":
  version: 0.27.7
  resolution: "@esbuild/linux-arm@npm:0.27.7"
  conditions: os=linux & cpu=arm
  languageName: node
  linkType: hard

"@esbuild/linux-ia32@npm:0.27.7":
  version: 0.27.7
  resolution: "@esbuild/linux-ia32@npm:0.27.7"
  conditions: os=linux & cpu=ia32
  languageName: node
  linkType: hard

"@esbuild/linux-loong64@npm:0.27.7":
  version: 0.27.7
  resolution: "@esbuild/linux-loong64@npm:0.27.7"
  conditions: os=linux & cpu=loong64
  languageName: node
  linkType: hard

"@esbuild/linux-mips64el@npm:0.27.7":
  version: 0.27.7
  resolution: "@esbuild/linux-mips64el@npm:0.27.7"
  conditions: os=linux & cpu=mips64el
  languageName: node
  linkType: hard

"@esbuild/linux-ppc64@npm:0.27.7":
  version: 0.27.7
  resolution: "@esbuild/linux-ppc64@npm:0.27.7"
  conditions: os=linux & cpu=ppc64
  languageName: node
  linkType: hard

"@esbuild/linux-riscv64@npm:0.27.7":
  version: 0.27.7
  resolution: "@esbuild/linux-riscv64@npm:0.27.7"
  conditions: os=linux & cpu=riscv64
  languageName: node
  linkType: hard

"@esbuild/linux-s390x@npm:0.27.7":
  version: 0.27.7
  resolution: "@esbuild/linux-s390x@npm:0.27.7"
  conditions: os=linux & cpu=s390x
  languageName: node
  linkType: hard

"@esbuild/linux-x64@npm:0.27.7":
  version: 0.27.7
  resolution: "@esbuild/linux-x64@npm:0.27.7"
  conditions: os=linux & cpu=x64
  languageName: node
  linkType: hard

"@esbuild/netbsd-arm64@npm:0.27.7":
  version: 0.27.7
  resolution: "@esbuild/netbsd-arm64@npm:0.27.7"
  conditions: os=netbsd & cpu=arm64
  languageName: node
  linkType: hard

"@esbuild/netbsd-x64@npm:0.27.7":
  version: 0.27.7
  resolution: "@esbuild/netbsd-x64@npm:0.27.7"
  conditions: os=netbsd & cpu=x64
  languageName: node
  linkType: hard

"@esbuild/openbsd-arm64@npm:0.27.7":
  version: 0.27.7
  resolution: "@esbuild/openbsd-arm64@npm:0.27.7"
  conditions: os=openbsd & cpu=arm64
  languageName: node
  linkType: hard

"@esbuild/openbsd-x64@npm:0.27.7":
  version: 0.27.7
  resolution: "@esbuild/openbsd-x64@npm:0.27.7"
  conditions: os=openbsd & cpu=x64
  languageName: node
  linkType: hard

"@esbuild/openharmony-arm64@npm:0.27.7":
  version: 0.27.7
  resolution: "@esbuild/openharmony-arm64@npm:0.27.7"
  conditions: os=openharmony & cpu=arm64
  languageName: node
  linkType: hard

"@esbuild/sunos-x64@npm:0.27.7":
  version: 0.27.7
  resolution: "@esbuild/sunos-x64@npm:0.27.7"
  conditions: os=sunos & cpu=x64
  languageName: node
  linkType: hard

"@esbuild/win32-arm64@npm:0.27.7":
  version: 0.27.7
  resolution: "@esbuild/win32-arm64@npm:0.27.7"
  conditions: os=win32 & cpu=arm64
  languageName: node
  linkType: hard

"@esbuild/win32-ia32@npm:0.27.7":
  version: 0.27.7
  resolution: "@esbuild/win32-ia32@npm:0.27.7"
  conditions: os=win32 & cpu=ia32
  languageName: node
  linkType: hard

"@esbuild/win32-x64@npm:0.27.7":
  version: 0.27.7
  resolution: "@esbuild/win32-x64@npm:0.27.7"
  conditions: os=win32 & cpu=x64
  languageName: node
  linkType: hard

"@neos-project/neos-ui-extensibility@npm:^9.1":
  version: 9.1.6
  resolution: "@neos-project/neos-ui-extensibility@npm:9.1.6"
  checksum: 6eece0fad127c081274296570dbd0e9568b271042b43c7fd4760b78e7c7dd1ba70a4308a774767620d812cbe3d88859b2c38b5b6f0c030bad5384288888f80bd
  languageName: node
  linkType: hard

"@sitegeist/resource-reference-editor@workspace:.":
  version: 0.0.0-use.local
  resolution: "@sitegeist/resource-reference-editor@workspace:."
  dependencies:
    "@neos-project/neos-ui-extensibility": ^9.1
    "@types/react": ^17.0.3
    "@types/react-dom": ^17.0.3
    esbuild: ~0.27.2
    typescript: ^4.2.4
  languageName: unknown
  linkType: soft

"@types/prop-types@npm:*":
  version: 15.7.15
  resolution: "@types/prop-types@npm:15.7.15"
  checksum: 31aa2f59b28f24da6fb4f1d70807dae2aedfce090ec63eaf9ea01727a9533ef6eaf017de5bff99fbccad7d1c9e644f52c6c2ba30869465dd22b1a7221c29f356
  languageName: node
  linkType: hard

"@types/react-dom@npm:^17.0.3":
  version: 17.0.26
  resolution: "@types/react-dom@npm:17.0.26"
  peerDependencies:
    "@types/react": ^17.0.0
  checksum: 2b62bf86c22b5e84a99d356bf50f5ea681aa70d11d0669c3ab6d5855751677ffb7e7b8d2cec01fff4d3923d0da3221821f7f55ddaa1cf42bc7a06545fe7cf2f1
  languageName: node
  linkType: hard

"@types/react@npm:^17.0.3":
  version: 17.0.93
  resolution: "@types/react@npm:17.0.93"
  dependencies:
    "@types/prop-types": "*"
    "@types/scheduler": ^0.16
    csstype: ^3.2.2
  checksum: 3620f58144cef74db73381b87caa171f42cbac4accc3c67a00383bb886672e5b3b4dd6f4f491f76ea90a5732494d8acb819f35f6c96af8ad04a3041731ac53c0
  languageName: node
  linkType: hard

"@types/scheduler@npm:^0.16":
  version: 0.16.8
  resolution: "@types/scheduler@npm:0.16.8"
  checksum: 6c091b096daa490093bf30dd7947cd28e5b2cd612ec93448432b33f724b162587fed9309a0acc104d97b69b1d49a0f3fc755a62282054d62975d53d7fd13472d
  languageName: node
  linkType: hard

"csstype@npm:^3.2.2":
  version: 3.2.3
  resolution: "csstype@npm:3.2.3"
  checksum: cb882521b3398958a1ce6ca98c011aec0bde1c77ecaf8a1dd4db3b112a189939beae3b1308243b2fe50fc27eb3edeb0f73a5a4d91d928765dc6d5ecc7bda92ee
  languageName: node
  linkType: hard

"esbuild@npm:~0.27.2":
  version: 0.27.7
  resolution: "esbuild@npm:0.27.7"
  dependencies:
    "@esbuild/aix-ppc64": 0.27.7
    "@esbuild/android-arm": 0.27.7
    "@esbuild/android-arm64": 0.27.7
    "@esbuild/android-x64": 0.27.7
    "@esbuild/darwin-arm64": 0.27.7
    "@esbuild/darwin-x64": 0.27.7
    "@esbuild/freebsd-arm64": 0.27.7
    "@esbuild/freebsd-x64": 0.27.7
    "@esbuild/linux-arm": 0.27.7
    "@esbuild/linux-arm64": 0.27.7
    "@esbuild/linux-ia32": 0.27.7
    "@esbuild/linux-loong64": 0.27.7
    "@esbuild/linux-mips64el": 0.27.7
    "@esbuild/linux-ppc64": 0.27.7
    "@esbuild/linux-riscv64": 0.27.7
    "@esbuild/linux-s390x": 0.27.7
    "@esbuild/linux-x64": 0.27.7
    "@esbuild/netbsd-arm64": 0.27.7
    "@esbuild/netbsd-x64": 0.27.7
    "@esbuild/openbsd-arm64": 0.27.7
    "@esbuild/openbsd-x64": 0.27.7
    "@esbuild/openharmony-arm64": 0.27.7
    "@esbuild/sunos-x64": 0.27.7
    "@esbuild/win32-arm64": 0.27.7
    "@esbuild/win32-ia32": 0.27.7
    "@esbuild/win32-x64": 0.27.7
  dependenciesMeta:
    "@esbuild/aix-ppc64":
      optional: true
    "@esbuild/android-arm":
      optional: true
    "@esbuild/android-arm64":
      optional: true
    "@esbuild/android-x64":
      optional: true
    "@esbuild/darwin-arm64":
      optional: true
    "@esbuild/darwin-x64":
      optional: true
    "@esbuild/freebsd-arm64":
      optional: true
    "@esbuild/freebsd-x64":
      optional: true
    "@esbuild/linux-arm":
      optional: true
    "@esbuild/linux-arm64":
      optional: true
    "@esbuild/linux-ia32":
      optional: true
    "@esbuild/linux-loong64":
      optional: true
    "@esbuild/linux-mips64el":
      optional: true
    "@esbuild/linux-ppc64":
      optional: true
    "@esbuild/linux-riscv64":
      optional: true
    "@esbuild/linux-s390x":
      optional: true
    "@esbuild/linux-x64":
      optional: true
    "@esbuild/netbsd-arm64":
      optional: true
    "@esbuild/netbsd-x64":
      optional: true
    "@esbuild/openbsd-arm64":
      optional: true
    "@esbuild/openbsd-x64":
      optional: true
    "@esbuild/openharmony-arm64":
      optional: true
    "@esbuild/sunos-x64":
      optional: true
    "@esbuild/win32-arm64":
      optional: true
    "@esbuild/win32-ia32":
      optional: true
    "@esbuild/win32-x64":
      optional: true
  bin:
    esbuild: bin/esbuild
  checksum: ea7ee3c039b83caae1b59bb7ae2db9c6bceb21bccb033dbc4c0c45cb159554ead4289492ad874857bbca7f6e37bf74e04e892544de2b3c5c7888c8ef8beaf2f7
  languageName: node
  linkType: hard

"typescript@npm:^4.2.4":
  version: 4.9.5
  resolution: "typescript@npm:4.9.5"
  bin:
    tsc: bin/tsc
    tsserver: bin/tsserver
  checksum: ee000bc26848147ad423b581bd250075662a354d84f0e06eb76d3b892328d8d4440b7487b5a83e851b12b255f55d71835b008a66cbf8f255a11e4400159237db
  languageName: node
  linkType: hard

"typescript@patch:typescript@^4.2.4#~builtin<compat/typescript>":
  version: 4.9.5
  resolution: "typescript@patch:typescript@npm%3A4.9.5#~builtin<compat/typescript>::version=4.9.5&hash=7ad353"
  bin:
    tsc: bin/tsc
    tsserver: bin/tsserver
  checksum: 2eee5c37cad4390385db5db5a8e81470e42e8f1401b0358d7390095d6f681b410f2c4a0c496c6ff9ebd775423c7785cdace7bcdad76c7bee283df3d9718c0f20
  languageName: node
  linkType: hard
